
Microsoft Visual Studio Solution File, Format Version 12.00
# Visual Studio 15
VisualStudioVersion = 15.0.26124.0
MinimumVisualStudioVersion = 15.0.26124.0
Project("{FAE04EC0-301F-11D3-BF4B-00C04F79EFBC}") = "ElectronicColorCode", "ElectronicColorCode\ElectronicColorCode.csproj", "{FFB0DDFE-D194-4604-9400-ED53DE158BE6}"
EndProject
Project("{FAE04EC0-301F-11D3-BF4B-00C04F79EFBC}") = "ElectronicColorCode.Test", "ElectronicColorCode.Test\ElectronicColorCode.Test.csproj", "{0FF583F7-0C43-4E08-8D30-911BB8393800}"
EndProject
Global
	GlobalSection(SolutionConfigurationPlatforms) = preSolution
		Debug|Any CPU = Debug|Any CPU
		Debug|x64 = Debug|x64
		Debug|x86 = Debug|x86
		Release|Any CPU = Release|Any CPU
		Release|x64 = Release|x64
		Release|x86 = Release|x86
	EndGlobalSection
	GlobalSection(SolutionProperties) = preSolution
		HideSolutionNode = FALSE
	EndGlobalSection
	GlobalSection(ProjectConfigurationPlatforms) = postSolution
		{FFB0DDFE-D194-4604-9400-ED53DE158BE6}.Debug|Any CPU.ActiveCfg = Debug|Any CPU
		{FFB0DDFE-D194-4604-9400-ED53DE158BE6}.Debug|Any CPU.Build.0 = Debug|Any CPU
		{FFB0DDFE-D194-4604-9400-ED53DE158BE6}.Debug|x64.ActiveCfg = Debug|Any CPU
		{FFB0DDFE-D194-4604-9400-ED53DE158BE6}.Debug|x64.Build.0 = Debug|Any CPU
		{FFB0DDFE-D194-4604-9400-ED53DE158BE6}.Debug|x86.ActiveCfg = Debug|Any CPU
		{FFB0DDFE-D194-4604-9400-ED53DE158BE6}.Debug|x86.Build.0 = Debug|Any CPU
		{FFB0DDFE-D194-4604-9400-ED53DE158BE6}.Release|Any CPU.ActiveCfg = Release|Any CPU
		{FFB0DDFE-D194-4604-9400-ED53DE158BE6}.Release|Any CPU.Build.0 = Release|Any CPU
		{FFB0DDFE-D194-4604-9400-ED53DE158BE6}.Release|x64.ActiveCfg = Release|Any CPU
		{FFB0DDFE-D194-4604-9400-ED53DE158BE6}.Release|x64.Build.0 = Release|Any CPU
		{FFB0DDFE-D194-4604-9400-ED53DE158BE6}.Release|x86.ActiveCfg = Release|Any CPU
		{FFB0DDFE-D194-4604-9400-ED53DE158BE6}.Release|x86.Build.0 = Release|Any CPU
		{0FF583F7-0C43-4E08-8D30-911BB8393800}.Debug|Any CPU.ActiveCfg = Debug|Any CPU
		{0FF583F7-0C43-4E08-8D30-911BB8393800}.Debug|Any CPU.Build.0 = Debug|Any CPU
		{0FF583F7-0C43-4E08-8D30-911BB8393800}.Debug|x64.ActiveCfg = Debug|Any CPU
		{0FF583F7-0C43-4E08-8D30-911BB8393800}.Debug|x64.Build.0 = Debug|Any CPU
		{0FF583F7-0C43-4E08-8D30-911BB8393800}.Debug|x86.ActiveCfg = Debug|Any CPU
		{0FF583F7-0C43-4E08-8D30-911BB8393800}.Debug|x86.Build.0 = Debug|Any CPU
		{0FF583F7-0C43-4E08-8D30-911BB8393800}.Release|Any CPU.ActiveCfg = Release|Any CPU
		{0FF583F7-0C43-4E08-8D30-911BB8393800}.Release|Any CPU.Build.0 = Release|Any CPU
		{0FF583F7-0C43-4E08-8D30-911BB8393800}.Release|x64.ActiveCfg = Release|Any CPU
		{0FF583F7-0C43-4E08-8D30-911BB8393800}.Release|x64.Build.0 = Release|Any CPU
		{0FF583F7-0C43-4E08-8D30-911BB8393800}.Release|x86.ActiveCfg = Release|Any CPU
		{0FF583F7-0C43-4E08-8D30-911BB8393800}.Release|x86.Build.0 = Release|Any CPU
	EndGlobalSection
EndGlobal
